[renv]
Version=0.4.0-21

[R]
Version=3.5.1
Repositories=
	CRAN=http://lib.stat.cmu.edu/R/CRAN/

[Bioconductor]
Repositories=
	BioCsoft=https://bioconductor.org/packages/3.8/bioc
	BioCann=https://bioconductor.org/packages/3.8/data/annotation
	BioCexp=https://bioconductor.org/packages/3.8/data/experiment
	BioCworkflows=https://bioconductor.org/packages/3.8/workflows
	CRAN=http://lib.stat.cmu.edu/R/CRAN/

[R/Package/AnnotationDbi]
Package=AnnotationDbi
Version=1.44.0
Source=Bioconductor
Hash=48d4384690282b08f0f55df79b257d69

[R/Package/BH]
Package=BH
Version=1.69.0-1
Source=CRAN
Hash=c21ff57827acd7a1e150943fa1264677

[R/Package/BiasedUrn]
Package=BiasedUrn
Version=1.07
Source=CRAN
Hash=8ecca17d4df2b52b8f1d4a6db1216fb2

[R/Package/Biobase]
Package=Biobase
Version=2.42.0
Source=Bioconductor
Hash=11040b20541b211c20c251f7155225df

[R/Package/BiocGenerics]
Package=BiocGenerics
Version=0.28.0
Source=Bioconductor
Hash=a91303d39c44b952ca0d5aaf75b7dd72

[R/Package/BiocManager]
Package=BiocManager
Version=1.30.4
Source=CRAN
Hash=7e8b7fb1207bd17dc280926c733c743d

[R/Package/BiocParallel]
Package=BiocParallel
Version=1.16.6
Source=Bioconductor
Hash=820ed900749df958e5685aca61ca4815

[R/Package/BiocVersion]
Package=BiocVersion
Version=3.8.0
Source=Bioconductor
Hash=cf9241271c354124975ee403bd18d76e

[R/Package/Biostrings]
Package=Biostrings
Version=2.50.2
Source=Bioconductor
Hash=7acef6ce0f2cffb0680358919709579d

[R/Package/DBI]
Package=DBI
Version=1.0.0
Source=CRAN
Hash=94e14b1b10cd45c8f57027d484724e4d

[R/Package/DEoptimR]
Package=DEoptimR
Version=1.0-8
Source=CRAN
Hash=fb74379f9aa1f00508890e69232597ff

[R/Package/DT]
Package=DT
Version=0.6
Source=CRAN
Hash=2c66b9a1a9066f96d5d54590373be19b

[R/Package/DelayedArray]
Package=DelayedArray
Version=0.8.0
Source=Bioconductor
Hash=e81cc452e071759ba2f5696f85b6d840

[R/Package/Formula]
Package=Formula
Version=1.2-3
Source=CRAN
Hash=01f549cb35d1c54687c7fb03b0c0b4e8

[R/Package/GO.db]
Package=GO.db
Version=3.7.0
Source=Bioconductor
Hash=07b8d3aa08590cefc293aea1570e153c

[R/Package/GenomeInfoDb]
Package=GenomeInfoDb
Version=1.18.2
Source=Bioconductor
Hash=ca4ccde28cb8a5c12f2a21d91881e0b0

[R/Package/GenomeInfoDbData]
Package=GenomeInfoDbData
Version=1.2.0
Source=Bioconductor
Hash=c4fbec3617fcdfc1a93d9bc1cfe9f0e4

[R/Package/GenomicAlignments]
Package=GenomicAlignments
Version=1.18.1
Source=Bioconductor
Hash=13636a3195db83b062fe8055b55b6a5c

[R/Package/GenomicFeatures]
Package=GenomicFeatures
Version=1.34.8
Source=Bioconductor
Hash=8bd8b821930f65ff9d65694e0e3abe7c

[R/Package/GenomicRanges]
Package=GenomicRanges
Version=1.34.0
Source=Bioconductor
Hash=d25a3c42c88dba34e9120542e5b89f00

[R/Package/Hmisc]
Package=Hmisc
Version=4.2-0
Source=CRAN
Hash=e5f86a41a1b6012624ab13dfc90ef7f0

[R/Package/IRanges]
Package=IRanges
Version=2.16.0
Source=Bioconductor
Hash=bc047311e5117af4f44214acee9e0281

[R/Package/KEGGREST]
Package=KEGGREST
Version=1.22.0
Source=Bioconductor
Hash=1fdc02e3807d5fca828447a9b5b33bf6

[R/Package/MASS]
Package=MASS
Version=7.3-51.4
Source=CRAN
Hash=dfd2b1c0b9413c7eadc350505020ee96

[R/Package/Matrix]
Package=Matrix
Version=1.2-17
Source=CRAN
Hash=b10030fd8c964dbecd79719236d4a668

[R/Package/R6]
Package=R6
Version=2.4.0
Source=CRAN
Hash=f542e196103d43e270c2f12769143a4c

[R/Package/RColorBrewer]
Package=RColorBrewer
Version=1.1-2
Source=CRAN
Hash=e12d9efbd8540624beb948405e496adf

[R/Package/RCurl]
Package=RCurl
Version=1.95-4.12
Source=CRAN
Hash=6187bb03ed85df8493b52297710c2416

[R/Package/RSQLite]
Package=RSQLite
Version=2.1.1
Source=CRAN
Hash=b01cef796fb06b93f1928f27caf6a46a

[R/Package/Rcpp]
Package=Rcpp
Version=1.0.1
Source=CRAN
Hash=4d7fa746fdb53594e05a7271affa63db

[R/Package/RcppArmadillo]
Package=RcppArmadillo
Version=0.9.400.3.0
Source=CRAN
Hash=f63651dc63467103b72d9869a4458bb7

[R/Package/RcppParallel]
Package=RcppParallel
Version=4.4.3
Source=CRAN
Hash=7ffaf5c1b39fa0ceb0a4ef7ba951caa8

[R/Package/Rsamtools]
Package=Rsamtools
Version=1.34.1
Source=Bioconductor
Hash=2bb584872c3b2b339f136ac5884bcf64

[R/Package/S4Vectors]
Package=S4Vectors
Version=0.20.1
Source=Bioconductor
Hash=7b952afb9d5dd97a51de412846ab5683

[R/Package/SummarizedExperiment]
Package=SummarizedExperiment
Version=1.12.0
Source=Bioconductor
Hash=eb7db31d2ce1fbf105db90e2b9c71c3d

[R/Package/WGCNA]
Package=WGCNA
Version=1.68
Source=CRAN
Hash=aef14dc1d252b5d8fb9564580d175a38

[R/Package/XML]
Package=XML
Version=3.98-1.19
Source=CRAN
Hash=4ae4cc88d584ae405f76f7bfcd5ebeb0

[R/Package/XVector]
Package=XVector
Version=0.22.0
Source=Bioconductor
Hash=57baba96b47c71347651e75e21240734

[R/Package/acepack]
Package=acepack
Version=1.4.1
Source=CRAN
Hash=5f63b1f6354b1e79e1878e465ed2170b

[R/Package/annotate]
Package=annotate
Version=1.60.1
Source=Bioconductor
Hash=fe2fff33619f5877fa2045bd20de2810

[R/Package/askpass]
Package=askpass
Version=1.1
Source=CRAN
Hash=8cf7584c364ebfbd3b84154a0fd0c18d

[R/Package/assertthat]
Package=assertthat
Version=0.2.1
Source=CRAN
Hash=2247b53bdc6a80930cc84f85fb0d04e1

[R/Package/backports]
Package=backports
Version=1.1.4
Source=CRAN
Hash=41bcc4f617da2138bedeab2949b22319

[R/Package/base64enc]
Package=base64enc
Version=0.1-3
Source=CRAN
Hash=9e74499ff4cb4233042ed2d5c662423e

[R/Package/biomaRt]
Package=biomaRt
Version=2.38.0
Source=Bioconductor
Hash=048b3ea2072cb7bd0ceade5e87e01a92

[R/Package/bit]
Package=bit
Version=1.1-14
Source=CRAN
Hash=fd28fab46b69714cd892877d10982498

[R/Package/bit64]
Package=bit64
Version=0.9-7
Source=CRAN
Hash=9f8528f10006714d6188b3abae478dbc

[R/Package/bitops]
Package=bitops
Version=1.0-6
Source=CRAN
Hash=5b877c0d718e2324ce03d906f493c464

[R/Package/blob]
Package=blob
Version=1.1.1
Source=CRAN
Hash=822993362414f514630f6f3c1089077f

[R/Package/checkmate]
Package=checkmate
Version=1.9.3
Source=CRAN
Hash=357c0da8ffe50e969b2c976132ffae06

[R/Package/cli]
Package=cli
Version=1.1.0
Source=CRAN
Hash=eedaa1f888777090cdd93d19cb42fdca

[R/Package/clipr]
Package=clipr
Version=0.6.0
Source=CRAN
Hash=5490c3928fef3d47b801bb7a0aa00310

[R/Package/cluster]
Package=cluster
Version=2.0.9
Source=CRAN
Hash=ca22007eb02af16221b8b9e9cae34b04

[R/Package/codetools]
Package=codetools
Version=0.2-16
Source=CRAN
Hash=84a41ec1597d8c9ba70dc20246461577

[R/Package/colorspace]
Package=colorspace
Version=1.4-1
Source=CRAN
Hash=584366d74e7fcc3e960f0ef2e5035e5a

[R/Package/coop]
Package=coop
Version=0.6-2
Source=CRAN
Hash=cf91d6a92faaf5ec874d9f97bf8a1df8

[R/Package/crayon]
Package=crayon
Version=1.3.4
Source=CRAN
Hash=84467438184915ca5bbf3279e1a56b44

[R/Package/crosstalk]
Package=crosstalk
Version=1.0.0
Source=CRAN
Hash=6af20710cd4fbb15d35011a15d3c8187

[R/Package/curl]
Package=curl
Version=3.3
Source=CRAN
Hash=87a21e98924180f6274919a4b8f66a9a

[R/Package/data.table]
Package=data.table
Version=1.12.2
Source=CRAN
Hash=81fb3d067d9a28e930293e9d7bf90366

[R/Package/digest]
Package=digest
Version=0.6.19
Source=CRAN
Hash=babe67b3797b493088c24d30c5950cfa

[R/Package/doParallel]
Package=doParallel
Version=1.0.14
Source=CRAN
Hash=cc19d812249b85395e102d2b00ff6ab0

[R/Package/dplyr]
Package=dplyr
Version=0.8.1
Source=CRAN
Hash=9113b597915157431fc7973b9a02c8c2

[R/Package/dynamicTreeCut]
Package=dynamicTreeCut
Version=1.63-1
Source=CRAN
Hash=c79922c2275bb862d99971bddcbdc146

[R/Package/evaluate]
Package=evaluate
Version=0.14
Source=CRAN
Hash=3692c9c25b1811046a5447b885c8fa72

[R/Package/fansi]
Package=fansi
Version=0.4.0
Source=CRAN
Hash=ed266fd17df944c53786d83841c4770f

[R/Package/fastcluster]
Package=fastcluster
Version=1.1.25
Source=CRAN
Hash=1cb23de18266f877781df25d298e4476

[R/Package/fit.models]
Package=fit.models
Version=0.5-14
Source=CRAN
Hash=974d856f26f33c3888f263e2238798c7

[R/Package/flashClust]
Package=flashClust
Version=1.01-2
Source=CRAN
Hash=0d041e65230add0e24b7d38fea5b4685

[R/Package/foreach]
Package=foreach
Version=1.4.4
Source=CRAN
Hash=ca4a190dc4f4a3585a021c2dac817a71

[R/Package/foreign]
Package=foreign
Version=0.8-71
Source=CRAN
Hash=c161984777772d695c37665bf2d9a692

[R/Package/formatR]
Package=formatR
Version=1.6
Source=CRAN
Hash=4b63dd94ceca2628ef9dc15ea5b0bd1e

[R/Package/futile.logger]
Package=futile.logger
Version=1.4.3
Source=CRAN
Hash=a8dbc86c084f07eb0d5e2ee0d023b31c

[R/Package/futile.options]
Package=futile.options
Version=1.0.1
Source=CRAN
Hash=5af8e303f765c2006838a306aa8f06d4

[R/Package/geneLenDataBase]
Package=geneLenDataBase
Version=1.18.0
Source=Bioconductor
Hash=10bcc667525bd0786c152481484d5e42

[R/Package/genefilter]
Package=genefilter
Version=1.64.0
Source=Bioconductor
Hash=877872fd2a2a75870f88e87a8a7eb2f8

[R/Package/ggplot2]
Package=ggplot2
Version=3.1.1
Source=CRAN
Hash=6ffc923b6010462b2975e99cfc29c3d7

[R/Package/glue]
Package=glue
Version=1.3.1
Source=CRAN
Hash=9611ef23b274cfa43c85839a183948dc

[R/Package/goseq]
Package=goseq
Version=1.34.1
Source=Bioconductor
Hash=840f16c04e03486bbb5981b0289d772a

[R/Package/gridExtra]
Package=gridExtra
Version=2.3
Source=CRAN
Hash=664a4d998cd58c6579078447c8495437

[R/Package/gtable]
Package=gtable
Version=0.3.0
Source=CRAN
Hash=a20c2bde56b0b3a359ec5e46df1f70af

[R/Package/highr]
Package=highr
Version=0.8
Source=CRAN
Hash=b065e59a9c15cb94d07d1390f7e0e81c

[R/Package/hms]
Package=hms
Version=0.4.2
Source=CRAN
Hash=f5f7d85bc2f835b6ed2990d5ba43276d

[R/Package/htmlTable]
Package=htmlTable
Version=1.13.1
Source=CRAN
Hash=4e51a585dee5d790400b5eaacb4b758d

[R/Package/htmltools]
Package=htmltools
Version=0.3.6
Source=CRAN
Hash=b51a95de8992a1ffae14c4152b66f56e

[R/Package/htmlwidgets]
Package=htmlwidgets
Version=1.3
Source=CRAN
Hash=482765fce33370e4ac314493d9d6c46f

[R/Package/httpuv]
Package=httpuv
Version=1.5.1
Source=CRAN
Hash=172a8ab0ae3be5a209f4abcc57ffa91b

[R/Package/httr]
Package=httr
Version=1.4.0
Source=CRAN
Hash=dacc39276974a4b2342659368a7b623b

[R/Package/impute]
Package=impute
Version=1.56.0
Source=Bioconductor
Hash=e87d40a2ab5ae3e9f0e4614e908a4b8f

[R/Package/iterators]
Package=iterators
Version=1.0.10
Source=CRAN
Hash=9ff2ae5c32d14699abaf6990cc108945

[R/Package/jsonlite]
Package=jsonlite
Version=1.6
Source=CRAN
Hash=9098f8f59907a1180f3a2ff469cd67f2

[R/Package/knitr]
Package=knitr
Version=1.23
Source=CRAN
Hash=fb71a84d974a4742ff9fa25ccd1f727d

[R/Package/labeling]
Package=labeling
Version=0.3
Source=CRAN
Hash=701b56435d3771d042b816ff1abb9944

[R/Package/lambda.r]
Package=lambda.r
Version=1.2.3
Source=CRAN
Hash=b0dae36f0bac70a06f7cabe637f6578b

[R/Package/later]
Package=later
Version=0.8.0
Source=CRAN
Hash=f903869140080b78237cac16e3bcf869

[R/Package/lattice]
Package=lattice
Version=0.20-38
Source=CRAN
Hash=ab950ea929b83c44eeba6ce00e280f9a

[R/Package/latticeExtra]
Package=latticeExtra
Version=0.6-28
Source=CRAN
Hash=495403d95720e2be15f6b4692f97f341

[R/Package/lazyeval]
Package=lazyeval
Version=0.2.2
Source=CRAN
Hash=a230d72a95d16715973ad2ae0664cfc0

[R/Package/limma]
Package=limma
Version=3.38.3
Source=Bioconductor
Hash=172d36e74d8894bb84d017576cde6d39

[R/Package/magrittr]
Package=magrittr
Version=1.5
Source=CRAN
Hash=1063976a6affe09eb75fc2927b8d4d9d

[R/Package/markdown]
Package=markdown
Version=0.9
Source=CRAN
Hash=e7eb392ca6f903c18fa50e1fc88d617a

[R/Package/matrixStats]
Package=matrixStats
Version=0.54.0
Source=CRAN
Hash=cb36cca4e48db18724c5e5a37cd392d6

[R/Package/memoise]
Package=memoise
Version=1.1.0
Source=CRAN
Hash=69e69a93c4521440b176fa74be579356

[R/Package/mgcv]
Package=mgcv
Version=1.8-28
Source=CRAN
Hash=de8359b6f5207608aa399a4e51168d97

[R/Package/mime]
Package=mime
Version=0.6
Source=CRAN
Hash=976803fdcdc85d33c36218b44156e1c1

[R/Package/munsell]
Package=munsell
Version=0.5.0
Source=CRAN
Hash=504a3c6bd8b5b9c1f4dd9065ead25c9a

[R/Package/mvtnorm]
Package=mvtnorm
Version=1.0-10
Source=CRAN
Hash=1819e180530a439a3bed4ff731a56a09

[R/Package/nlme]
Package=nlme
Version=3.1-140
Source=CRAN
Hash=0a2be7b79fb1816e154c491bb520e3e7

[R/Package/nnet]
Package=nnet
Version=7.3-12
Source=CRAN
Hash=c1c971424a8272bf9c4855c3655b4f2f

[R/Package/openssl]
Package=openssl
Version=1.3
Source=CRAN
Hash=54c10fdc44f59c4a2ee530ff8bc0073b

[R/Package/parallelDist]
Package=parallelDist
Version=0.2.4
Source=CRAN
Hash=7584ea77f36719f1682e68daf427e23c

[R/Package/pcaPP]
Package=pcaPP
Version=1.9-73
Source=CRAN
Hash=38c3838fe7378260842a0d4e714a494f

[R/Package/pillar]
Package=pillar
Version=1.4.1
Source=CRAN
Hash=6edc0fd6364264e11ed7158bc8efaa92

[R/Package/pkgconfig]
Package=pkgconfig
Version=2.0.2
Source=CRAN
Hash=cb8f27ad9e671904636c04acd56131f0

[R/Package/plogr]
Package=plogr
Version=0.2.0
Source=CRAN
Hash=a99927b0b9c09008dd207da128bb050f

[R/Package/plyr]
Package=plyr
Version=1.8.4
Source=CRAN
Hash=d28b855c4fa5069e95647c5afb7307a4

[R/Package/png]
Package=png
Version=0.1-7
Source=CRAN
Hash=ef32889065e818c2331e9f43b7e20bac

[R/Package/preprocessCore]
Package=preprocessCore
Version=1.44.0
Source=Bioconductor
Hash=2b5d81bf33ee5a9e854134bf8425e527

[R/Package/prettyunits]
Package=prettyunits
Version=1.0.2
Source=CRAN
Hash=d6f0227d29f17a4a8a73bbad025adab5

[R/Package/printr]
Package=printr
Version=0.1
Source=CRAN
Hash=b85967eb2c1e49763186bf45ebbf84bc

[R/Package/progress]
Package=progress
Version=1.2.2
Source=CRAN
Hash=11a8e4fda623ee20d4bb94c8ba1ca1cc

[R/Package/promises]
Package=promises
Version=1.0.1
Source=CRAN
Hash=7288c7de35370404d6c2bcfabac48c3c

[R/Package/purrr]
Package=purrr
Version=0.3.2
Source=CRAN
Hash=27e0729a3fe0e9a66f6a53f677dda4f8

[R/Package/readr]
Package=readr
Version=1.3.1
Source=CRAN
Hash=2611ed0db33c461567329314edd04bc5

[R/Package/reshape2]
Package=reshape2
Version=1.4.3
Source=CRAN
Hash=431389bf4e0708ebafb1dec474f3cba8

[R/Package/rlang]
Package=rlang
Version=0.3.4
Source=CRAN
Hash=85a729149027f3e25020e28d3d59f3c5

[R/Package/rmarkdown]
Package=rmarkdown
Version=1.13
Source=CRAN
Hash=dd0e98534858c6fae819e05f6c6da13e

[R/Package/robust]
Package=robust
Version=0.4-18
Source=CRAN
Hash=05d5a51e93034052a5a02c0eaff0d178

[R/Package/robustbase]
Package=robustbase
Version=0.93-5
Source=CRAN
Hash=bf10da9024120a1af7db4a4fb1b0ac9f

[R/Package/rpart]
Package=rpart
Version=4.1-15
Source=CRAN
Hash=2ccc82572c1e4bbc9c69eba70439d226

[R/Package/rrcov]
Package=rrcov
Version=1.4-7
Source=CRAN
Hash=ff888b3c453a85cf27def4be1a117fd4

[R/Package/rstudioapi]
Package=rstudioapi
Version=0.10
Source=CRAN
Hash=7017924bdb0eb5bc313f4dae2352e65a

[R/Package/rtracklayer]
Package=rtracklayer
Version=1.42.2
Source=Bioconductor
Hash=3a9a3345af77f56f4163840edc4f67e2

[R/Package/scales]
Package=scales
Version=1.0.0
Source=CRAN
Hash=ea57b8fae1b73f8a7fc6699d6920c4fc

[R/Package/shiny]
Package=shiny
Version=1.3.2
Source=CRAN
Hash=c7492473757ae2186b14dfefc9c491c6

[R/Package/snow]
Package=snow
Version=0.4-3
Source=CRAN
Hash=f991043400081761aa8ea61074df9186

[R/Package/sourcetools]
Package=sourcetools
Version=0.1.7
Source=CRAN
Hash=78d8b58ebdba4de65b6d07770ae18f8c

[R/Package/stringi]
Package=stringi
Version=1.4.3
Source=CRAN
Hash=173c63cf8b9f876dba8b2984ce7a65d7

[R/Package/stringr]
Package=stringr
Version=1.4.0
Source=CRAN
Hash=813b06afd70ca31c1071395d49346b89

[R/Package/survival]
Package=survival
Version=2.44-1.1
Source=CRAN
Hash=4c474c1fb121231f818484befeae8e5f

[R/Package/sva]
Package=sva
Version=3.30.1
Source=Bioconductor
Hash=4ac7f9fae4ab5ce643f5589833a37ced

[R/Package/sys]
Package=sys
Version=3.2
Source=CRAN
Hash=fbd1f0866d1755b814c741006ef39a44

[R/Package/tibble]
Package=tibble
Version=2.1.1
Source=CRAN
Hash=3aa18e25ee32962a384e2a5a83273f1e

[R/Package/tidyselect]
Package=tidyselect
Version=0.2.5
Source=CRAN
Hash=40aceb5150e00cfe7a4999b4672cf614

[R/Package/tinytex]
Package=tinytex
Version=0.13
Source=CRAN
Hash=3fa762b0c34186d70b2a51ed2bdcd10c

[R/Package/utf8]
Package=utf8
Version=1.1.4
Source=CRAN
Hash=6399c80981358af7b39c217c72f22785

[R/Package/vctrs]
Package=vctrs
Version=0.1.0
Source=CRAN
Hash=5e43e0ea0471514e553e8d9e4f8d4960

[R/Package/viridis]
Package=viridis
Version=0.5.1
Source=CRAN
Hash=843854d5994486b476793d01830a1cd4

[R/Package/viridisLite]
Package=viridisLite
Version=0.3.0
Source=CRAN
Hash=732c3dabc42bce1fafb5d286184804c6

[R/Package/withr]
Package=withr
Version=2.1.2
Source=CRAN
Hash=844aae4b78fac8f6ed2541cde1facdb3

[R/Package/xfun]
Package=xfun
Version=0.7
Source=CRAN
Hash=56d3e9bd4251a3c01c65b0b959b0c9fc

[R/Package/xtable]
Package=xtable
Version=1.8-4
Source=CRAN
Hash=e9e84aa1396826d8671e25862ced7763

[R/Package/yaml]
Package=yaml
Version=2.2.0
Source=CRAN
Hash=9db4f908886820b37f76b5ecc52c76e6

[R/Package/zeallot]
Package=zeallot
Version=0.1.0
Source=CRAN
Hash=51d0973c2f935cae2e50e6687e2bd90b

[R/Package/zlibbioc]
Package=zlibbioc
Version=1.28.0
Source=Bioconductor
Hash=eb3d8c30d3738fc365c1cc050ec59247

