[renv]
Version=0.4.0-20

[R]
Version=3.5.1
Repositories=
	CRAN=https://cran.mtu.edu/

[Bioconductor]
Repositories=
	BioCsoft=https://bioconductor.org/packages/3.8/bioc
	BioCann=https://bioconductor.org/packages/3.8/data/annotation
	BioCexp=https://bioconductor.org/packages/3.8/data/experiment
	BioCworkflows=https://bioconductor.org/packages/3.8/workflows
	CRAN=https://cran.mtu.edu/

[R/Package/AnnotationDbi]
Package=AnnotationDbi
Version=1.44.0
Source=Bioconductor
Hash=583223871143bd274c435720ba73094e

[R/Package/BH]
Package=BH
Version=1.69.0-1
Source=CRAN
Hash=c21ff57827acd7a1e150943fa1264677

[R/Package/BiasedUrn]
Package=BiasedUrn
Version=1.07
Source=CRAN
Hash=8ecca17d4df2b52b8f1d4a6db1216fb2

[R/Package/Biobase]
Package=Biobase
Version=2.42.0
Source=Bioconductor
Hash=11040b20541b211c20c251f7155225df

[R/Package/BiocGenerics]
Package=BiocGenerics
Version=0.28.0
Source=Bioconductor
Hash=37917c2ae7495576ded544a689635ee9

[R/Package/BiocManager]
Package=BiocManager
Version=1.30.4
Source=CRAN
Hash=7e8b7fb1207bd17dc280926c733c743d

[R/Package/BiocParallel]
Package=BiocParallel
Version=1.16.6
Source=Bioconductor
Hash=20ba12207ccb8aacea8a06509612d6a9

[R/Package/Biostrings]
Package=Biostrings
Version=2.50.2
Source=Bioconductor
Hash=e92d9d4566fe126a4d8c36458afe9582

[R/Package/DBI]
Package=DBI
Version=1.0.0
Source=CRAN
Hash=94e14b1b10cd45c8f57027d484724e4d

[R/Package/DEoptimR]
Package=DEoptimR
Version=1.0-8
Source=CRAN
Hash=fb74379f9aa1f00508890e69232597ff

[R/Package/DT]
Package=DT
Version=0.6
Source=CRAN
Hash=16e99c995a421dc50e7c52004370e9a6

[R/Package/DelayedArray]
Package=DelayedArray
Version=0.8.0
Source=Bioconductor
Hash=360d8c43a22e0c86180056415356c420

[R/Package/Formula]
Package=Formula
Version=1.2-3
Source=CRAN
Hash=01f549cb35d1c54687c7fb03b0c0b4e8

[R/Package/GO.db]
Package=GO.db
Version=3.7.0
Source=Bioconductor
Hash=07b8d3aa08590cefc293aea1570e153c

[R/Package/GenomeInfoDb]
Package=GenomeInfoDb
Version=1.18.2
Source=Bioconductor
Hash=56ffb76ece31e131f86a2526fad513ff

[R/Package/GenomeInfoDbData]
Package=GenomeInfoDbData
Version=1.2.0
Source=Bioconductor
Hash=c4fbec3617fcdfc1a93d9bc1cfe9f0e4

[R/Package/GenomicAlignments]
Package=GenomicAlignments
Version=1.18.1
Source=Bioconductor
Hash=2a3b66f1844bffedd0c1cf2f0b1d0835

[R/Package/GenomicFeatures]
Package=GenomicFeatures
Version=1.34.8
Source=Bioconductor
Hash=ed6869d625080031931ee9e1e0fe2592

[R/Package/GenomicRanges]
Package=GenomicRanges
Version=1.34.0
Source=Bioconductor
Hash=89110a9544d2f3d2e7806016cd78bea4

[R/Package/Hmisc]
Package=Hmisc
Version=4.2-0
Source=CRAN
Hash=e5f86a41a1b6012624ab13dfc90ef7f0

[R/Package/Homo.sapiens]
Package=Homo.sapiens
Version=1.3.1
Source=Bioconductor
Hash=23d8e6860221ccf246bdd47d4a7d1a98

[R/Package/IRanges]
Package=IRanges
Version=2.16.0
Source=Bioconductor
Hash=9536fd4e5c0ef04a5d33fd345a98393d

[R/Package/KEGGREST]
Package=KEGGREST
Version=1.22.0
Source=Bioconductor
Hash=1fdc02e3807d5fca828447a9b5b33bf6

[R/Package/Leishmania.major.Friedlin]
Package=Leishmania.major.Friedlin
Version=32.0
Source=Bioconductor
RemoteType=github
RemoteHost=https://api.github.com
RemoteRepo=Leishmania.major.Friedlin
RemoteUsername=elsayed-lab
RemoteRef=master
RemoteSha=1d55e76d39326529b4c2d5f9e661eb9e0037640a
Hash=ce3df955b390c05e03e5236089742914

[R/Package/MASS]
Package=MASS
Version=7.3-50
Source=CRAN
Hash=ec6abaf34902225a22a16e90f5f768c8

[R/Package/Matrix]
Package=Matrix
Version=1.2-14
Source=CRAN
Hash=26f158439136b67e12b0f392e25bb93b

[R/Package/OrganismDbi]
Package=OrganismDbi
Version=1.24.0
Source=Bioconductor
Hash=10f0c9b39f3da5874152b59b98420cd7

[R/Package/R6]
Package=R6
Version=2.4.0
Source=CRAN
Hash=f542e196103d43e270c2f12769143a4c

[R/Package/RBGL]
Package=RBGL
Version=1.58.2
Source=Bioconductor
Hash=a61209a98e963610c6f57e75d9ef46f8

[R/Package/RColorBrewer]
Package=RColorBrewer
Version=1.1-2
Source=CRAN
Hash=e12d9efbd8540624beb948405e496adf

[R/Package/RCurl]
Package=RCurl
Version=1.95-4.12
Source=CRAN
Hash=6187bb03ed85df8493b52297710c2416

[R/Package/RSQLite]
Package=RSQLite
Version=2.1.1
Source=CRAN
Hash=b01cef796fb06b93f1928f27caf6a46a

[R/Package/Rcpp]
Package=Rcpp
Version=1.0.1
Source=CRAN
Hash=afc83bf2a529ebac3a0ac6434772b1c7

[R/Package/RcppArmadillo]
Package=RcppArmadillo
Version=0.9.400.3.0
Source=CRAN
Hash=23847b275979712cdca2ac6c222f1b9a

[R/Package/RcppParallel]
Package=RcppParallel
Version=4.4.2
Source=CRAN
Hash=32dcb71ca5ae240ca43355b679fb7a09

[R/Package/Rsamtools]
Package=Rsamtools
Version=1.34.1
Source=Bioconductor
Hash=0e87502a255e3139f0dd80a38eefcf87

[R/Package/S4Vectors]
Package=S4Vectors
Version=0.20.1
Source=Bioconductor
Hash=3dbc7a2bb6d1bf71dac1fc101a59ed14

[R/Package/SummarizedExperiment]
Package=SummarizedExperiment
Version=1.12.0
Source=Bioconductor
Hash=0431a2d29418655564a32992e1abf674

[R/Package/Trypanosoma.cruzi.CLBrener.Esmeraldo]
Package=Trypanosoma.cruzi.CLBrener.Esmeraldo
Version=32.0
Source=Bioconductor
RemoteType=github
RemoteHost=api.github.com
RemoteRepo=Trypanosoma.cruzi.CLBrener.Esmeraldo
RemoteUsername=elsayed-lab
RemoteRef=master
RemoteSha=83a7406b3fc0f57152d6d06b3495566f43cb56d5
Hash=7f68abea92a6ae1bae5e09854f9f3967

[R/Package/TxDb.Hsapiens.UCSC.hg19.knownGene]
Package=TxDb.Hsapiens.UCSC.hg19.knownGene
Version=3.2.2
Source=Bioconductor
Hash=2e4ade991ab74627b956c01edbb36880

[R/Package/TxDb.LmajorFriedlin.tritryp32.genes]
Package=TxDb.LmajorFriedlin.tritryp32.genes
Version=32.0
Source=Bioconductor
RemoteType=github
RemoteHost=https://api.github.com
RemoteRepo=TxDb.LmajorFriedlin.tritryp32.genes
RemoteUsername=elsayed-lab
RemoteRef=master
RemoteSha=d041fd5a7d5a03b3873269a7798425e6c624183e
Hash=396518c842dcccf04ecbbb8b61af7362

[R/Package/TxDb.TcruziCLBrenerEsmer.tritryp32.genes]
Package=TxDb.TcruziCLBrenerEsmer.tritryp32.genes
Version=32.0
Source=Bioconductor
RemoteType=github
RemoteHost=api.github.com
RemoteRepo=TxDb.TcruziCLBrenerEsmer.tritryp32.genes
RemoteUsername=elsayed-lab
RemoteRef=master
RemoteSha=606fae20f36ca0136e183cb1a35ce0557505cce9
Hash=e96f92464b6eacf01cf1fa0af75d655c

[R/Package/WGCNA]
Package=WGCNA
Version=1.67
Source=CRAN
Hash=a3bd362f48e81204651d734fee71dd96

[R/Package/XML]
Package=XML
Version=3.98-1.19
Source=CRAN
Hash=4ae4cc88d584ae405f76f7bfcd5ebeb0

[R/Package/XVector]
Package=XVector
Version=0.22.0
Source=Bioconductor
Hash=124fd32bb18249c7115bfdcbc828dd05

[R/Package/acepack]
Package=acepack
Version=1.4.1
Source=CRAN
Hash=5f63b1f6354b1e79e1878e465ed2170b

[R/Package/annotables]
Package=annotables
Version=0.1.91
Source=GitHub
RemoteType=github
RemoteHost=api.github.com
RemoteRepo=annotables
RemoteUsername=stephenturner
RemoteRef=master
RemoteSha=805a247f2ec9cfe38b744d2146f7a5bd58c6c496
Hash=f934075d442329350f51429ce93e5bd1

[R/Package/annotate]
Package=annotate
Version=1.60.1
Source=Bioconductor
Hash=fe2fff33619f5877fa2045bd20de2810

[R/Package/askpass]
Package=askpass
Version=1.1
Source=CRAN
Hash=8cf7584c364ebfbd3b84154a0fd0c18d

[R/Package/assertthat]
Package=assertthat
Version=0.2.1
Source=CRAN
Hash=2247b53bdc6a80930cc84f85fb0d04e1

[R/Package/backports]
Package=backports
Version=1.1.4
Source=CRAN
Hash=41bcc4f617da2138bedeab2949b22319

[R/Package/base64enc]
Package=base64enc
Version=0.1-3
Source=CRAN
Hash=9e74499ff4cb4233042ed2d5c662423e

[R/Package/biomaRt]
Package=biomaRt
Version=2.38.0
Source=Bioconductor
Hash=048b3ea2072cb7bd0ceade5e87e01a92

[R/Package/bit]
Package=bit
Version=1.1-14
Source=CRAN
Hash=fd28fab46b69714cd892877d10982498

[R/Package/bit64]
Package=bit64
Version=0.9-7
Source=CRAN
Hash=9f8528f10006714d6188b3abae478dbc

[R/Package/bitops]
Package=bitops
Version=1.0-6
Source=CRAN
Hash=5b877c0d718e2324ce03d906f493c464

[R/Package/blob]
Package=blob
Version=1.1.1
Source=CRAN
Hash=822993362414f514630f6f3c1089077f

[R/Package/checkmate]
Package=checkmate
Version=1.9.3
Source=CRAN
Hash=07cafd2b6282e169bc5f6b33251ada01

[R/Package/cli]
Package=cli
Version=1.1.0
Source=CRAN
Hash=eedaa1f888777090cdd93d19cb42fdca

[R/Package/clipr]
Package=clipr
Version=0.6.0
Source=CRAN
Hash=f813346ef53000603e94560da13ac46b

[R/Package/cluster]
Package=cluster
Version=2.0.7-1
Source=CRAN
Hash=e26cb5478bf6e747fc488b3d67a76d0f

[R/Package/codetools]
Package=codetools
Version=0.2-15
Source=CRAN
Hash=b5edbf783896a3ff5fe619b474f9867d

[R/Package/colorspace]
Package=colorspace
Version=1.4-1
Source=CRAN
Hash=705e3eac14c352ff8250ec9c7481c33d

[R/Package/coop]
Package=coop
Version=0.6-2
Source=CRAN
Hash=cf91d6a92faaf5ec874d9f97bf8a1df8

[R/Package/crayon]
Package=crayon
Version=1.3.4
Source=CRAN
Hash=84467438184915ca5bbf3279e1a56b44

[R/Package/crosstalk]
Package=crosstalk
Version=1.0.0
Source=CRAN
Hash=6af20710cd4fbb15d35011a15d3c8187

[R/Package/curl]
Package=curl
Version=3.3
Source=CRAN
Hash=87a21e98924180f6274919a4b8f66a9a

[R/Package/data.table]
Package=data.table
Version=1.12.2
Source=CRAN
Hash=81fb3d067d9a28e930293e9d7bf90366

[R/Package/digest]
Package=digest
Version=0.6.18
Source=CRAN
Hash=3a0646cd1e9116f7bf03ca88e1e562f8

[R/Package/doParallel]
Package=doParallel
Version=1.0.14
Source=CRAN
Hash=e4e7e2a15e88485787f8e81f311e4805

[R/Package/dplyr]
Package=dplyr
Version=0.8.0.1
Source=CRAN
Hash=7e338aa931bbcbaef74dd18326b91eac

[R/Package/dynamicTreeCut]
Package=dynamicTreeCut
Version=1.63-1
Source=CRAN
Hash=c79922c2275bb862d99971bddcbdc146

[R/Package/evaluate]
Package=evaluate
Version=0.13
Source=CRAN
Hash=c129ac70a17e6fa0c2d2bf76c5e7a77e

[R/Package/fansi]
Package=fansi
Version=0.4.0
Source=CRAN
Hash=ed266fd17df944c53786d83841c4770f

[R/Package/fastcluster]
Package=fastcluster
Version=1.1.25
Source=CRAN
Hash=1cb23de18266f877781df25d298e4476

[R/Package/fit.models]
Package=fit.models
Version=0.5-14
Source=CRAN
Hash=974d856f26f33c3888f263e2238798c7

[R/Package/flashClust]
Package=flashClust
Version=1.01-2
Source=CRAN
Hash=0d041e65230add0e24b7d38fea5b4685

[R/Package/foreach]
Package=foreach
Version=1.4.4
Source=CRAN
Hash=ca4a190dc4f4a3585a021c2dac817a71

[R/Package/foreign]
Package=foreign
Version=0.8-70
Source=CRAN
Hash=b16b53b05d9370069a6393a57aacc500

[R/Package/formatR]
Package=formatR
Version=1.6
Source=CRAN
Hash=4b63dd94ceca2628ef9dc15ea5b0bd1e

[R/Package/futile.logger]
Package=futile.logger
Version=1.4.3
Source=CRAN
Hash=a8dbc86c084f07eb0d5e2ee0d023b31c

[R/Package/futile.options]
Package=futile.options
Version=1.0.1
Source=CRAN
Hash=5af8e303f765c2006838a306aa8f06d4

[R/Package/geneLenDataBase]
Package=geneLenDataBase
Version=1.18.0
Source=Bioconductor
Hash=10bcc667525bd0786c152481484d5e42

[R/Package/genefilter]
Package=genefilter
Version=1.64.0
Source=Bioconductor
Hash=742b019c76612391a3a1d4eefd9eb18b

[R/Package/ggplot2]
Package=ggplot2
Version=3.1.1
Source=CRAN
Hash=6ffc923b6010462b2975e99cfc29c3d7

[R/Package/glue]
Package=glue
Version=1.3.1
Source=CRAN
Hash=9611ef23b274cfa43c85839a183948dc

[R/Package/goseq]
Package=goseq
Version=1.34.1
Source=Bioconductor
Hash=3059f1f90d3655ec99dba36928dc6ba2

[R/Package/graph]
Package=graph
Version=1.60.0
Source=Bioconductor
Hash=715dd1758f3679cabeac5ea949990c72

[R/Package/gridExtra]
Package=gridExtra
Version=2.3
Source=CRAN
Hash=664a4d998cd58c6579078447c8495437

[R/Package/gtable]
Package=gtable
Version=0.3.0
Source=CRAN
Hash=a20c2bde56b0b3a359ec5e46df1f70af

[R/Package/highr]
Package=highr
Version=0.8
Source=CRAN
Hash=b065e59a9c15cb94d07d1390f7e0e81c

[R/Package/hms]
Package=hms
Version=0.4.2
Source=CRAN
Hash=f5f7d85bc2f835b6ed2990d5ba43276d

[R/Package/hpgltools]
Package=hpgltools
Version=2018.11
Source=Bioconductor
RemoteType=github
RemoteHost=api.github.com
RemoteRepo=hpgltools
RemoteUsername=abelew
RemoteRef=master
RemoteSha=45b7ec8bad3682886965df63000dc4e98bcbf69f
Hash=b1b5cfa62f5575745e41bc6e8bebe5e7

[R/Package/htmlTable]
Package=htmlTable
Version=1.13.1
Source=CRAN
Hash=1d203e231cb9dca6dc7c6855775efb0b

[R/Package/htmltools]
Package=htmltools
Version=0.3.6
Source=CRAN
Hash=b51a95de8992a1ffae14c4152b66f56e

[R/Package/htmlwidgets]
Package=htmlwidgets
Version=1.3
Source=CRAN
Hash=482765fce33370e4ac314493d9d6c46f

[R/Package/httpuv]
Package=httpuv
Version=1.5.0
Source=CRAN
Hash=e37b3b83237d97e82e226752194b42e1

[R/Package/httr]
Package=httr
Version=1.4.0
Source=CRAN
Hash=df89b3db9b13e2c1c38c5cde7ca7cc1d

[R/Package/igraph]
Package=igraph
Version=1.2.4
Source=CRAN
Hash=3f1dd9aae39382ab061676553fba02f6

[R/Package/impute]
Package=impute
Version=1.56.0
Source=Bioconductor
Hash=e87d40a2ab5ae3e9f0e4614e908a4b8f

[R/Package/iterators]
Package=iterators
Version=1.0.10
Source=CRAN
Hash=9ff2ae5c32d14699abaf6990cc108945

[R/Package/jsonlite]
Package=jsonlite
Version=1.6
Source=CRAN
Hash=9098f8f59907a1180f3a2ff469cd67f2

[R/Package/knitr]
Package=knitr
Version=1.22
Source=CRAN
Hash=9484d20ee987017c7c9ceb97c1739d27

[R/Package/labeling]
Package=labeling
Version=0.3
Source=CRAN
Hash=701b56435d3771d042b816ff1abb9944

[R/Package/lambda.r]
Package=lambda.r
Version=1.2.3
Source=CRAN
Hash=b0dae36f0bac70a06f7cabe637f6578b

[R/Package/later]
Package=later
Version=0.8.0
Source=CRAN
Hash=f903869140080b78237cac16e3bcf869

[R/Package/lattice]
Package=lattice
Version=0.20-35
Source=CRAN
Hash=6063097488933b220e7f6ab5f95cd69e

[R/Package/latticeExtra]
Package=latticeExtra
Version=0.6-28
Source=CRAN
Hash=495403d95720e2be15f6b4692f97f341

[R/Package/lazyeval]
Package=lazyeval
Version=0.2.2
Source=CRAN
Hash=a230d72a95d16715973ad2ae0664cfc0

[R/Package/limma]
Package=limma
Version=3.38.3
Source=Bioconductor
Hash=a0df27415711467aea3c71f908206758

[R/Package/magrittr]
Package=magrittr
Version=1.5
Source=CRAN
Hash=1063976a6affe09eb75fc2927b8d4d9d

[R/Package/markdown]
Package=markdown
Version=0.9
Source=CRAN
Hash=e7eb392ca6f903c18fa50e1fc88d617a

[R/Package/matrixStats]
Package=matrixStats
Version=0.54.0
Source=CRAN
Hash=73eab8009bacc946a33d5a02ba29573e

[R/Package/memoise]
Package=memoise
Version=1.1.0
Source=CRAN
Hash=69e69a93c4521440b176fa74be579356

[R/Package/mgcv]
Package=mgcv
Version=1.8-24
Source=CRAN
Hash=8d982b8631d285a539b10eacc41a45d9

[R/Package/mime]
Package=mime
Version=0.6
Source=CRAN
Hash=976803fdcdc85d33c36218b44156e1c1

[R/Package/munsell]
Package=munsell
Version=0.5.0
Source=CRAN
Hash=504a3c6bd8b5b9c1f4dd9065ead25c9a

[R/Package/mvtnorm]
Package=mvtnorm
Version=1.0-10
Source=CRAN
Hash=1819e180530a439a3bed4ff731a56a09

[R/Package/nlme]
Package=nlme
Version=3.1-137
Source=CRAN
Hash=7467c94bb956dbfe03f05ceb944d18f4

[R/Package/nnet]
Package=nnet
Version=7.3-12
Source=CRAN
Hash=c1c971424a8272bf9c4855c3655b4f2f

[R/Package/openssl]
Package=openssl
Version=1.3
Source=CRAN
Hash=54c10fdc44f59c4a2ee530ff8bc0073b

[R/Package/org.Hs.eg.db]
Package=org.Hs.eg.db
Version=3.7.0
Source=Bioconductor
Hash=01169ef15f755dcace125892f0a736c6

[R/Package/org.LmjF.tritryp.db]
Package=org.LmjF.tritryp.db
Version=32.0
Source=Bioconductor
RemoteType=github
RemoteHost=api.github.com
RemoteRepo=org.LmjF.tritryp.db
RemoteUsername=elsayed-lab
RemoteRef=master
RemoteSha=53bf482bacb9b1cac1bfe4b712f2a08290d85059
Hash=707abcc6747c4b458bebe326cf30c6d8

[R/Package/org.TcCLB.esmer.tritryp.db]
Package=org.TcCLB.esmer.tritryp.db
Version=32.0
Source=Bioconductor
RemoteType=github
RemoteHost=api.github.com
RemoteRepo=org.TcCLB.esmer.tritryp.db
RemoteUsername=elsayed-lab
RemoteRef=master
RemoteSha=5c760e71572df3879f0a30c75e79eadde34d571f
Hash=9fcdaa1afea7679813462f2ec7b525b1

[R/Package/parallelDist]
Package=parallelDist
Version=0.2.4
Source=CRAN
Hash=7584ea77f36719f1682e68daf427e23c

[R/Package/pcaPP]
Package=pcaPP
Version=1.9-73
Source=CRAN
Hash=38c3838fe7378260842a0d4e714a494f

[R/Package/pillar]
Package=pillar
Version=1.3.1
Source=CRAN
Hash=89c926b9d20918dcfc4089241e95e0d6

[R/Package/pkgconfig]
Package=pkgconfig
Version=2.0.2
Source=CRAN
Hash=cb8f27ad9e671904636c04acd56131f0

[R/Package/plogr]
Package=plogr
Version=0.2.0
Source=CRAN
Hash=a99927b0b9c09008dd207da128bb050f

[R/Package/plyr]
Package=plyr
Version=1.8.4
Source=CRAN
Hash=22a149ed250857f9159e7ed078ea94a6

[R/Package/png]
Package=png
Version=0.1-7
Source=CRAN
Hash=ef32889065e818c2331e9f43b7e20bac

[R/Package/preprocessCore]
Package=preprocessCore
Version=1.44.0
Source=Bioconductor
Hash=2b5d81bf33ee5a9e854134bf8425e527

[R/Package/prettyunits]
Package=prettyunits
Version=1.0.2
Source=CRAN
Hash=d6f0227d29f17a4a8a73bbad025adab5

[R/Package/printr]
Package=printr
Version=0.1
Source=CRAN
Hash=b85967eb2c1e49763186bf45ebbf84bc

[R/Package/progress]
Package=progress
Version=1.2.1
Source=CRAN
Hash=6cafeadccf0d750c4f1214de648ebded

[R/Package/promises]
Package=promises
Version=1.0.1
Source=CRAN
Hash=7288c7de35370404d6c2bcfabac48c3c

[R/Package/purrr]
Package=purrr
Version=0.3.1
Source=CRAN
Hash=6d7fe5c14dd6ccdedd4cc04c46788a24

[R/Package/readr]
Package=readr
Version=1.3.1
Source=CRAN
Hash=6a6d279171d0a17a0c08867e73377f90

[R/Package/reshape2]
Package=reshape2
Version=1.4.3
Source=CRAN
Hash=431389bf4e0708ebafb1dec474f3cba8

[R/Package/rlang]
Package=rlang
Version=0.3.2
Source=CRAN
Hash=c43afeec6b29b8f9769bf883f0922808

[R/Package/rmarkdown]
Package=rmarkdown
Version=1.12
Source=CRAN
Hash=2e25b932033badfa171a1c6a3de49ef2

[R/Package/robust]
Package=robust
Version=0.4-18
Source=CRAN
Hash=05d5a51e93034052a5a02c0eaff0d178

[R/Package/robustbase]
Package=robustbase
Version=0.93-5
Source=CRAN
Hash=d73cf21aab0c657ef691f1774f684053

[R/Package/rpart]
Package=rpart
Version=4.1-13
Source=CRAN
Hash=2b6b9c4464f5dce007487ecca73e81f9

[R/Package/rrcov]
Package=rrcov
Version=1.4-7
Source=CRAN
Hash=ff888b3c453a85cf27def4be1a117fd4

[R/Package/rstudioapi]
Package=rstudioapi
Version=0.10
Source=CRAN
Hash=7017924bdb0eb5bc313f4dae2352e65a

[R/Package/rtracklayer]
Package=rtracklayer
Version=1.42.2
Source=Bioconductor
Hash=3a9a3345af77f56f4163840edc4f67e2

[R/Package/scales]
Package=scales
Version=1.0.0
Source=CRAN
Hash=55f0078e1e49c799686b5cb57f886087

[R/Package/shiny]
Package=shiny
Version=1.3.2
Source=CRAN
Hash=5453bf03b3a6b1cacd3311937b9163d5

[R/Package/snow]
Package=snow
Version=0.4-3
Source=CRAN
Hash=f991043400081761aa8ea61074df9186

[R/Package/sourcetools]
Package=sourcetools
Version=0.1.7
Source=CRAN
Hash=78d8b58ebdba4de65b6d07770ae18f8c

[R/Package/stringi]
Package=stringi
Version=1.4.3
Source=CRAN
Hash=173c63cf8b9f876dba8b2984ce7a65d7

[R/Package/stringr]
Package=stringr
Version=1.4.0
Source=CRAN
Hash=813b06afd70ca31c1071395d49346b89

[R/Package/survival]
Package=survival
Version=2.44-1.1
Source=CRAN
Hash=4c474c1fb121231f818484befeae8e5f

[R/Package/sva]
Package=sva
Version=3.30.1
Source=Bioconductor
Hash=4ac7f9fae4ab5ce643f5589833a37ced

[R/Package/sys]
Package=sys
Version=3.2
Source=CRAN
Hash=fbd1f0866d1755b814c741006ef39a44

[R/Package/tftargets]
Package=tftargets
Version=1.3
Source=GitHub
RemoteType=github
RemoteHost=https://api.github.com
RemoteRepo=tftargets
RemoteUsername=slowkow
RemoteRef=master
RemoteSha=66509de96ff39a3771a99cf38d83f138d56aadf1
Hash=efa505205feac3a49f01a3497fdf60eb

[R/Package/tibble]
Package=tibble
Version=2.1.1
Source=CRAN
Hash=7731263493ca3f1c7c868e7bfb5d92aa

[R/Package/tidyselect]
Package=tidyselect
Version=0.2.5
Source=CRAN
Hash=40aceb5150e00cfe7a4999b4672cf614

[R/Package/tinytex]
Package=tinytex
Version=0.12
Source=CRAN
Hash=6f1c99d59be732e985422c4bdb2c55a8

[R/Package/utf8]
Package=utf8
Version=1.1.4
Source=CRAN
Hash=6399c80981358af7b39c217c72f22785

[R/Package/viridis]
Package=viridis
Version=0.5.1
Source=CRAN
Hash=843854d5994486b476793d01830a1cd4

[R/Package/viridisLite]
Package=viridisLite
Version=0.3.0
Source=CRAN
Hash=732c3dabc42bce1fafb5d286184804c6

[R/Package/withr]
Package=withr
Version=2.1.2
Source=CRAN
Hash=844aae4b78fac8f6ed2541cde1facdb3

[R/Package/xfun]
Package=xfun
Version=0.6
Source=CRAN
Hash=c25292681fd0b3b28308cf6bebc31fe5

[R/Package/xtable]
Package=xtable
Version=1.8-4
Source=CRAN
Hash=e9e84aa1396826d8671e25862ced7763

[R/Package/yaml]
Package=yaml
Version=2.2.0
Source=CRAN
Hash=9db4f908886820b37f76b5ecc52c76e6

[R/Package/zlibbioc]
Package=zlibbioc
Version=1.28.0
Source=Bioconductor
Hash=eb3d8c30d3738fc365c1cc050ec59247

